Microsoft Visual Studio Solution File, Format Version 12.00
# Visual Studio Version 17
VisualStudioVersion = 17.5.2.0
MinimumVisualStudioVersion = 10.0.40219.1
Project("{FAE04EC0-301F-11D3-BF4B-00C04F79EFBC}") = "AnkuCaz.API", "AnkuCaz.API.csproj", "{5300E395-2041-B938-417A-6DD2B91DEBFE}"
EndProject
Global
	GlobalSection(SolutionConfigurationPlatforms) = preSolution
		Debug|Any CPU = Debug|Any CPU
		Release|Any CPU = Release|Any CPU
	EndGlobalSection
	GlobalSection(ProjectConfigurationPlatforms) = postSolution
		{5300E395-2041-B938-417A-6DD2B91DEBFE}.Debug|Any CPU.ActiveCfg = Debug|Any CPU
		{5300E395-2041-B938-417A-6DD2B91DEBFE}.Debug|Any CPU.Build.0 = Debug|Any CPU
		{5300E395-2041-B938-417A-6DD2B91DEBFE}.Release|Any CPU.ActiveCfg = Release|Any CPU
		{5300E395-2041-B938-417A-6DD2B91DEBFE}.Release|Any CPU.Build.0 = Release|Any CPU
	EndGlobalSection
	GlobalSection(SolutionProperties) = preSolution
		HideSolutionNode = FALSE
	EndGlobalSection
	GlobalSection(ExtensibilityGlobals) = postSolution
		SolutionGuid = {48E0324C-2ABB-4572-8BD4-AE3F0EB4F567}
	EndGlobalSection
EndGlobal
